
Microsoft Visual Studio Solution File, Format Version 12.00
# Visual Studio Version 16
VisualStudioVersion = 16.0.30204.135
MinimumVisualStudioVersion = 10.0.40219.1
Project("{FAE04EC0-301F-11D3-BF4B-00C04F79EFBC}") = "math", "ConsoleApp1\math.csproj", "{50A21B22-B319-4645-AE70-9998453BB490}"
EndProject
Project("{FAE04EC0-301F-11D3-BF4B-00C04F79EFBC}") = "if-else-switch", "ConsoleApp2\if-else-switch.csproj", "{6216443C-CF94-4622-B8E6-161D83ED5BE1}"
EndProject
Project("{FAE04EC0-301F-11D3-BF4B-00C04F79EFBC}") = "For", "ConsoleApp3\For.csproj", "{3A655494-3EF4-4FC1-916F-42FF62F31BCD}"
EndProject
Project("{9A19103F-16F7-4668-BE54-9A1E7A4F7556}") = "Arrays", "Arrays\Arrays.csproj", "{7FEDC4A9-AE11-4E46-998A-C42816AF5CF8}"
EndProject
Project("{FAE04EC0-301F-11D3-BF4B-00C04F79EFBC}") = "Arrays_2", "Arrays_2\Arrays_2.csproj", "{C8C79181-98F6-4FF6-8D11-A0C6C609BC95}"
EndProject
Global
	GlobalSection(SolutionConfigurationPlatforms) = preSolution
		Debug|Any CPU = Debug|Any CPU
		Release|Any CPU = Release|Any CPU
	EndGlobalSection
	GlobalSection(ProjectConfigurationPlatforms) = postSolution
		{50A21B22-B319-4645-AE70-9998453BB490}.Debug|Any CPU.ActiveCfg = Debug|Any CPU
		{50A21B22-B319-4645-AE70-9998453BB490}.Debug|Any CPU.Build.0 = Debug|Any CPU
		{50A21B22-B319-4645-AE70-9998453BB490}.Release|Any CPU.ActiveCfg = Release|Any CPU
		{50A21B22-B319-4645-AE70-9998453BB490}.Release|Any CPU.Build.0 = Release|Any CPU
		{6216443C-CF94-4622-B8E6-161D83ED5BE1}.Debug|Any CPU.ActiveCfg = Debug|Any CPU
		{6216443C-CF94-4622-B8E6-161D83ED5BE1}.Debug|Any CPU.Build.0 = Debug|Any CPU
		{6216443C-CF94-4622-B8E6-161D83ED5BE1}.Release|Any CPU.ActiveCfg = Release|Any CPU
		{6216443C-CF94-4622-B8E6-161D83ED5BE1}.Release|Any CPU.Build.0 = Release|Any CPU
		{3A655494-3EF4-4FC1-916F-42FF62F31BCD}.Debug|Any CPU.ActiveCfg = Debug|Any CPU
		{3A655494-3EF4-4FC1-916F-42FF62F31BCD}.Debug|Any CPU.Build.0 = Debug|Any CPU
		{3A655494-3EF4-4FC1-916F-42FF62F31BCD}.Release|Any CPU.ActiveCfg = Release|Any CPU
		{3A655494-3EF4-4FC1-916F-42FF62F31BCD}.Release|Any CPU.Build.0 = Release|Any CPU
		{7FEDC4A9-AE11-4E46-998A-C42816AF5CF8}.Debug|Any CPU.ActiveCfg = Debug|Any CPU
		{7FEDC4A9-AE11-4E46-998A-C42816AF5CF8}.Debug|Any CPU.Build.0 = Debug|Any CPU
		{7FEDC4A9-AE11-4E46-998A-C42816AF5CF8}.Release|Any CPU.ActiveCfg = Release|Any CPU
		{7FEDC4A9-AE11-4E46-998A-C42816AF5CF8}.Release|Any CPU.Build.0 = Release|Any CPU
		{C8C79181-98F6-4FF6-8D11-A0C6C609BC95}.Debug|Any CPU.ActiveCfg = Debug|Any CPU
		{C8C79181-98F6-4FF6-8D11-A0C6C609BC95}.Debug|Any CPU.Build.0 = Debug|Any CPU
		{C8C79181-98F6-4FF6-8D11-A0C6C609BC95}.Release|Any CPU.ActiveCfg = Release|Any CPU
		{C8C79181-98F6-4FF6-8D11-A0C6C609BC95}.Release|Any CPU.Build.0 = Release|Any CPU
	EndGlobalSection
	GlobalSection(SolutionProperties) = preSolution
		HideSolutionNode = FALSE
	EndGlobalSection
	GlobalSection(ExtensibilityGlobals) = postSolution
		SolutionGuid = {EDD24D77-BBAD-442F-A542-45DEAA0D93E8}
	EndGlobalSection
EndGlobal
